{
  "name": "test2",
  "lockfileVersion": 2,
  "requires": true,
  "packages": {
    "": {
      "dependencies": {
        "dotenv": "^16.4.5",
        "find-open-port": "^2.0.3"
      }
    },
    "node_modules/dotenv": {
      "version": "16.4.5",
      "resolved": "https://registry.npmjs.org/dotenv/-/dotenv-16.4.5.tgz",
      "integrity": "sha512-ZmdL2rui+eB2YwhsWzjInR8LldtZHGDoQ1ugH85ppHKwpUHL7j7rN0Ti9NCnGiQbhaZ11FpR+7ao1dNsmduNUg==",
      "engines": {
        "node": ">=12"
      },
      "funding": {
        "url": "https://dotenvx.com"
      }
    },
    "node_modules/find-open-port": {
      "version": "2.0.3",
      "resolved": "https://registry.npmjs.org/find-open-port/-/find-open-port-2.0.3.tgz",
      "integrity": "sha512-lcYIpPHWNksWSSgUxe+gAq8LqG7wCpkhohhTVG0E0c5KT1Lrpb5cY7bJ+fO49Dax1TkAw5paKAoBSTgYwnBKrA==",
      "engines": {
        "node": ">=10.13"
      }
    }
  },
  "dependencies": {
    "dotenv": {
      "version": "16.4.5",
      "resolved": "https://registry.npmjs.org/dotenv/-/dotenv-16.4.5.tgz",
      "integrity": "sha512-ZmdL2rui+eB2YwhsWzjInR8LldtZHGDoQ1ugH85ppHKwpUHL7j7rN0Ti9NCnGiQbhaZ11FpR+7ao1dNsmduNUg=="
    },
    "find-open-port": {
      "version": "2.0.3",
      "resolved": "https://registry.npmjs.org/find-open-port/-/find-open-port-2.0.3.tgz",
      "integrity": "sha512-lcYIpPHWNksWSSgUxe+gAq8LqG7wCpkhohhTVG0E0c5KT1Lrpb5cY7bJ+fO49Dax1TkAw5paKAoBSTgYwnBKrA=="
    }
  }
}
